
Microsoft Visual Studio Solution File, Format Version 12.00
# Visual Studio Version 17
VisualStudioVersion = 17.5.002.0
MinimumVisualStudioVersion = 10.0.40219.1
Project("{9A19103F-16F7-4668-BE54-9A1E7A4F7556}") = "aula04", "aula04.csproj", "{A1A91C29-8B53-49A6-869A-D97C37DE7232}"
EndProject
Global
	GlobalSection(SolutionConfigurationPlatforms) = preSolution
		Debug|Any CPU = Debug|Any CPU
		Release|Any CPU = Release|Any CPU
	EndGlobalSection
	GlobalSection(ProjectConfigurationPlatforms) = postSolution
		{A1A91C29-8B53-49A6-869A-D97C37DE7232}.Debug|Any CPU.ActiveCfg = Debug|Any CPU
		{A1A91C29-8B53-49A6-869A-D97C37DE7232}.Debug|Any CPU.Build.0 = Debug|Any CPU
		{A1A91C29-8B53-49A6-869A-D97C37DE7232}.Release|Any CPU.ActiveCfg = Release|Any CPU
		{A1A91C29-8B53-49A6-869A-D97C37DE7232}.Release|Any CPU.Build.0 = Release|Any CPU
	EndGlobalSection
	GlobalSection(SolutionProperties) = preSolution
		HideSolutionNode = FALSE
	EndGlobalSection
	GlobalSection(ExtensibilityGlobals) = postSolution
		SolutionGuid = {6E86036B-17A4-4C15-B6A4-6F3FE4E29997}
	EndGlobalSection
EndGlobal
